
Microsoft Visual Studio Solution File, Format Version 12.00
# Visual Studio Version 17
VisualStudioVersion = 17.11.35312.102
MinimumVisualStudioVersion = 10.0.40219.1
Project("{FAE04EC0-301F-11D3-BF4B-00C04F79EFBC}") = "RecordSystem", "RecordSystem.csproj", "{7F367EBB-EAEE-4F89-8196-17173BB37D4B}"
EndProject
Global
	GlobalSection(SolutionConfigurationPlatforms) = preSolution
		Debug|Any CPU = Debug|Any CPU
		Release|Any CPU = Release|Any CPU
	EndGlobalSection
	GlobalSection(ProjectConfigurationPlatforms) = postSolution
		{7F367EBB-EAEE-4F89-8196-17173BB37D4B}.Debug|Any CPU.ActiveCfg = Debug|Any CPU
		{7F367EBB-EAEE-4F89-8196-17173BB37D4B}.Debug|Any CPU.Build.0 = Debug|Any CPU
		{7F367EBB-EAEE-4F89-8196-17173BB37D4B}.Release|Any CPU.ActiveCfg = Release|Any CPU
		{7F367EBB-EAEE-4F89-8196-17173BB37D4B}.Release|Any CPU.Build.0 = Release|Any CPU
	EndGlobalSection
	GlobalSection(SolutionProperties) = preSolution
		HideSolutionNode = FALSE
	EndGlobalSection
	GlobalSection(ExtensibilityGlobals) = postSolution
		SolutionGuid = {E3EF7452-4E01-4D34-B1C1-972222FD9D06}
	EndGlobalSection
EndGlobal
